
Microsoft Visual Studio Solution File, Format Version 11.00
# Visual C# Express 2010
Project("{FAE04EC0-301F-11D3-BF4B-00C04F79EFBC}") = "SqlScriptPackager.Core", "SqlScriptPackager.Core\SqlScriptPackager.Core.csproj", "{9D10344C-F7FD-4C7D-91DC-21AF6152835D}"
EndProject
Project("{FAE04EC0-301F-11D3-BF4B-00C04F79EFBC}") = "SqlScriptPackager.WPF", "SqlScriptPackager.WPF\SqlScriptPackager.WPF.csproj", "{A69B5382-80DB-48C2-B1BA-B4CFB5CDD6F4}"
EndProject
Global
	GlobalSection(SolutionConfigurationPlatforms) = preSolution
		Debug|Any CPU = Debug|Any CPU
		Debug|Mixed Platforms = Debug|Mixed Platforms
		Debug|x86 = Debug|x86
		Release|Any CPU = Release|Any CPU
		Release|Mixed Platforms = Release|Mixed Platforms
		Release|x86 = Release|x86
	EndGlobalSection
	GlobalSection(ProjectConfigurationPlatforms) = postSolution
		{9D10344C-F7FD-4C7D-91DC-21AF6152835D}.Debug|Any CPU.ActiveCfg = Debug|Any CPU
		{9D10344C-F7FD-4C7D-91DC-21AF6152835D}.Debug|Any CPU.Build.0 = Debug|Any CPU
		{9D10344C-F7FD-4C7D-91DC-21AF6152835D}.Debug|Mixed Platforms.ActiveCfg = Debug|Any CPU
		{9D10344C-F7FD-4C7D-91DC-21AF6152835D}.Debug|Mixed Platforms.Build.0 = Debug|Any CPU
		{9D10344C-F7FD-4C7D-91DC-21AF6152835D}.Debug|x86.ActiveCfg = Debug|Any CPU
		{9D10344C-F7FD-4C7D-91DC-21AF6152835D}.Release|Any CPU.ActiveCfg = Release|Any CPU
		{9D10344C-F7FD-4C7D-91DC-21AF6152835D}.Release|Any CPU.Build.0 = Release|Any CPU
		{9D10344C-F7FD-4C7D-91DC-21AF6152835D}.Release|Mixed Platforms.ActiveCfg = Release|Any CPU
		{9D10344C-F7FD-4C7D-91DC-21AF6152835D}.Release|Mixed Platforms.Build.0 = Release|Any CPU
		{9D10344C-F7FD-4C7D-91DC-21AF6152835D}.Release|x86.ActiveCfg = Release|Any CPU
		{A69B5382-80DB-48C2-B1BA-B4CFB5CDD6F4}.Debug|Any CPU.ActiveCfg = Debug|x86
		{A69B5382-80DB-48C2-B1BA-B4CFB5CDD6F4}.Debug|Mixed Platforms.ActiveCfg = Debug|x86
		{A69B5382-80DB-48C2-B1BA-B4CFB5CDD6F4}.Debug|Mixed Platforms.Build.0 = Debug|x86
		{A69B5382-80DB-48C2-B1BA-B4CFB5CDD6F4}.Debug|x86.ActiveCfg = Debug|x86
		{A69B5382-80DB-48C2-B1BA-B4CFB5CDD6F4}.Debug|x86.Build.0 = Debug|x86
		{A69B5382-80DB-48C2-B1BA-B4CFB5CDD6F4}.Release|Any CPU.ActiveCfg = Release|x86
		{A69B5382-80DB-48C2-B1BA-B4CFB5CDD6F4}.Release|Mixed Platforms.ActiveCfg = Release|x86
		{A69B5382-80DB-48C2-B1BA-B4CFB5CDD6F4}.Release|Mixed Platforms.Build.0 = Release|x86
		{A69B5382-80DB-48C2-B1BA-B4CFB5CDD6F4}.Release|x86.ActiveCfg = Release|x86
		{A69B5382-80DB-48C2-B1BA-B4CFB5CDD6F4}.Release|x86.Build.0 = Release|x86
	EndGlobalSection
	GlobalSection(SolutionProperties) = preSolution
		HideSolutionNode = FALSE
	EndGlobalSection
EndGlobal
